# This file is automatically @generated by Cargo.
# It is not intended for manual editing.
version = 3

[[package]]
name = "adder"
version = "0.1.0"

[[package]]
name = "cargo_detail"
version = "0.1.0"

[[package]]
name = "common_collections"
version = "0.1.0"

[[package]]
name = "error_handling"
version = "0.1.0"

[[package]]
name = "functional"
version = "0.1.0"

[[package]]
name = "generics"
version = "0.1.0"

[[package]]
name = "minigrep"
version = "0.1.0"

[[package]]
name = "multi_threads"
version = "0.1.0"

[[package]]
name = "oop"
version = "0.1.0"

[[package]]
name = "smart_pointer"
version = "0.1.0"
